// !$*UTF8*$!
{
	archiveVersion = 1;
	classes = {
	};
	objectVersion = 46;
	objects = {

/* Begin PBXBuildFile section */
		1365D8671B7B427500CDE963 /* TLAttributedLabel.m in Sources */ = {isa = PBXBuildFile; fileRef = 1365D8601B7B427500CDE963 /* TLAttributedLabel.m */; };
		1365D8681B7B427500CDE963 /* TLAttributedLabelUtils.m in Sources */ = {isa = PBXBuildFile; fileRef = 1365D8621B7B427500CDE963 /* TLAttributedLabelUtils.m */; };
		1365D8691B7B427500CDE963 /* NSMutableAttributedString+CTFrameRef.m in Sources */ = {isa = PBXBuildFile; fileRef = 1365D8641B7B427500CDE963 /* NSMutableAttributedString+CTFrameRef.m */; };
		1365D86A1B7B427500CDE963 /* NSMutableAttributedString+Config.m in Sources */ = {isa = PBXBuildFile; fileRef = 1365D8661B7B427500CDE963 /* NSMutableAttributedString+Config.m */; };
		1365D8751B7B428100CDE963 /* TLMainViewController.m in Sources */ = {isa = PBXBuildFile; fileRef = 1365D86C1B7B428100CDE963 /* TLMainViewController.m */; };
		1365D8761B7B428100CDE963 /* TLATTViewController.m in Sources */ = {isa = PBXBuildFile; fileRef = 1365D86E1B7B428100CDE963 /* TLATTViewController.m */; };
		1365D8771B7B428100CDE963 /* TLTableViewController.m in Sources */ = {isa = PBXBuildFile; fileRef = 1365D8701B7B428100CDE963 /* TLTableViewController.m */; };
		1365D8781B7B428100CDE963 /* TLTableViewCell.m in Sources */ = {isa = PBXBuildFile; fileRef = 1365D8721B7B428100CDE963 /* TLTableViewCell.m */; };
		1365D8791B7B428100CDE963 /* TLModel.m in Sources */ = {isa = PBXBuildFile; fileRef = 1365D8741B7B428100CDE963 /* TLModel.m */; };
		13B111A71B7B404000E59C64 /* main.m in Sources */ = {isa = PBXBuildFile; fileRef = 13B111A61B7B404000E59C64 /* main.m */; };
		13B111AA1B7B404000E59C64 /* AppDelegate.m in Sources */ = {isa = PBXBuildFile; fileRef = 13B111A91B7B404000E59C64 /* AppDelegate.m */; };
		13B111B01B7B404000E59C64 /* Main.storyboard in Resources */ = {isa = PBXBuildFile; fileRef = 13B111AE1B7B404000E59C64 /* Main.storyboard */; };
		13B111B21B7B404000E59C64 /* Images.xcassets in Resources */ = {isa = PBXBuildFile; fileRef = 13B111B11B7B404000E59C64 /* Images.xcassets */; };
		13B111B51B7B404000E59C64 /* LaunchScreen.xib in Resources */ = {isa = PBXBuildFile; fileRef = 13B111B31B7B404000E59C64 /* LaunchScreen.xib */; };
		13B111C11B7B404000E59C64 /* TLCoreTextMoreTests.m in Sources */ = {isa = PBXBuildFile; fileRef = 13B111C01B7B404000E59C64 /* TLCoreTextMoreTests.m */; };
/* End PBXBuildFile section */

/* Begin PBXContainerItemProxy section */
		13B111BB1B7B404000E59C64 /* PBXContainerItemProxy */ = {
			isa = PBXContainerItemProxy;
			containerPortal = 13B111991B7B404000E59C64 /* Project object */;
			proxyType = 1;
			remoteGlobalIDString = 13B111A01B7B404000E59C64;
			remoteInfo = TLCoreTextMore;
		};
/* End PBXContainerItemProxy section */

/* Begin PBXFileReference section */
		1365D85F1B7B427500CDE963 /* TLAttributedLabel.h */ = {isa = PBXFileReference; fileEncoding = 4; lastKnownFileType = sourcecode.c.h; path = TLAttributedLabel.h; sourceTree = "<group>"; };
		1365D8601B7B427500CDE963 /* TLAttributedLabel.m */ = {isa = PBXFileReference; fileEncoding = 4; lastKnownFileType = sourcecode.c.objc; path = TLAttributedLabel.m; sourceTree = "<group>"; };
		1365D8611B7B427500CDE963 /* TLAttributedLabelUtils.h */ = {isa = PBXFileReference; fileEncoding = 4; lastKnownFileType = sourcecode.c.h; path = TLAttributedLabelUtils.h; sourceTree = "<group>"; };
		1365D8621B7B427500CDE963 /* TLAttributedLabelUtils.m */ = {isa = PBXFileReference; fileEncoding = 4; lastKnownFileType = sourcecode.c.objc; path = TLAttributedLabelUtils.m; sourceTree = "<group>"; };
		1365D8631B7B427500CDE963 /* NSMutableAttributedString+CTFrameRef.h */ = {isa = PBXFileReference; fileEncoding = 4; lastKnownFileType = sourcecode.c.h; path = "NSMutableAttributedString+CTFrameRef.h"; sourceTree = "<group>"; };
		1365D8641B7B427500CDE963 /* NSMutableAttributedString+CTFrameRef.m */ = {isa = PBXFileReference; fileEncoding = 4; lastKnownFileType = sourcecode.c.objc; path = "NSMutableAttributedString+CTFrameRef.m"; sourceTree = "<group>"; };
		1365D8651B7B427500CDE963 /* NSMutableAttributedString+Config.h */ = {isa = PBXFileReference; fileEncoding = 4; lastKnownFileType = sourcecode.c.h; path = "NSMutableAttributedString+Config.h"; sourceTree = "<group>"; };
		1365D8661B7B427500CDE963 /* NSMutableAttributedString+Config.m */ = {isa = PBXFileReference; fileEncoding = 4; lastKnownFileType = sourcecode.c.objc; path = "NSMutableAttributedString+Config.m"; sourceTree = "<group>"; };
		1365D86B1B7B428100CDE963 /* TLMainViewController.h */ = {isa = PBXFileReference; fileEncoding = 4; lastKnownFileType = sourcecode.c.h; path = TLMainViewController.h; sourceTree = "<group>"; };
		1365D86C1B7B428100CDE963 /* TLMainViewController.m */ = {isa = PBXFileReference; fileEncoding = 4; lastKnownFileType = sourcecode.c.objc; path = TLMainViewController.m; sourceTree = "<group>"; };
		1365D86D1B7B428100CDE963 /* TLATTViewController.h */ = {isa = PBXFileReference; fileEncoding = 4; lastKnownFileType = sourcecode.c.h; path = TLATTViewController.h; sourceTree = "<group>"; };
		1365D86E1B7B428100CDE963 /* TLATTViewController.m */ = {isa = PBXFileReference; fileEncoding = 4; lastKnownFileType = sourcecode.c.objc; path = TLATTViewController.m; sourceTree = "<group>"; };
		1365D86F1B7B428100CDE963 /* TLTableViewController.h */ = {isa = PBXFileReference; fileEncoding = 4; lastKnownFileType = sourcecode.c.h; path = TLTableViewController.h; sourceTree = "<group>"; };
		1365D8701B7B428100CDE963 /* TLTableViewController.m */ = {isa = PBXFileReference; fileEncoding = 4; lastKnownFileType = sourcecode.c.objc; path = TLTableViewController.m; sourceTree = "<group>"; };
		1365D8711B7B428100CDE963 /* TLTableViewCell.h */ = {isa = PBXFileReference; fileEncoding = 4; lastKnownFileType = sourcecode.c.h; path = TLTableViewCell.h; sourceTree = "<group>"; };
		1365D8721B7B428100CDE963 /* TLTableViewCell.m */ = {isa = PBXFileReference; fileEncoding = 4; lastKnownFileType = sourcecode.c.objc; path = TLTableViewCell.m; sourceTree = "<group>"; };
		1365D8731B7B428100CDE963 /* TLModel.h */ = {isa = PBXFileReference; fileEncoding = 4; lastKnownFileType = sourcecode.c.h; path = TLModel.h; sourceTree = "<group>"; };
		1365D8741B7B428100CDE963 /* TLModel.m */ = {isa = PBXFileReference; fileEncoding = 4; lastKnownFileType = sourcecode.c.objc; path = TLModel.m; sourceTree = "<group>"; };
		13B111A11B7B404000E59C64 /* TLCoreTextMore.app */ = {isa = PBXFileReference; explicitFileType = wrapper.application; includeInIndex = 0; path = TLCoreTextMore.app; sourceTree = BUILT_PRODUCTS_DIR; };
		13B111A51B7B404000E59C64 /* Info.plist */ = {isa = PBXFileReference; lastKnownFileType = text.plist.xml; path = Info.plist; sourceTree = "<group>"; };
		13B111A61B7B404000E59C64 /* main.m */ = {isa = PBXFileReference; lastKnownFileType = sourcecode.c.objc; path = main.m; sourceTree = "<group>"; };
		13B111A81B7B404000E59C64 /* AppDelegate.h */ = {isa = PBXFileReference; lastKnownFileType = sourcecode.c.h; path = AppDelegate.h; sourceTree = "<group>"; };
		13B111A91B7B404000E59C64 /* AppDelegate.m */ = {isa = PBXFileReference; lastKnownFileType = sourcecode.c.objc; path = AppDelegate.m; sourceTree = "<group>"; };
		13B111AF1B7B404000E59C64 /* Base */ = {isa = PBXFileReference; lastKnownFileType = file.storyboard; name = Base; path = Base.lproj/Main.storyboard; sourceTree = "<group>"; };
		13B111B11B7B404000E59C64 /* Images.xcassets */ = {isa = PBXFileReference; lastKnownFileType = folder.assetcatalog; path = Images.xcassets; sourceTree = "<group>"; };
		13B111B41B7B404000E59C64 /* Base */ = {isa = PBXFileReference; lastKnownFileType = file.xib; name = Base; path = Base.lproj/LaunchScreen.xib; sourceTree = "<group>"; };
		13B111BA1B7B404000E59C64 /* TLCoreTextMoreTests.xctest */ = {isa = PBXFileReference; explicitFileType = wrapper.cfbundle; includeInIndex = 0; path = TLCoreTextMoreTests.xctest; sourceTree = BUILT_PRODUCTS_DIR; };
		13B111BF1B7B404000E59C64 /* Info.plist */ = {isa = PBXFileReference; lastKnownFileType = text.plist.xml; path = Info.plist; sourceTree = "<group>"; };
		13B111C01B7B404000E59C64 /* TLCoreTextMoreTests.m */ = {isa = PBXFileReference; lastKnownFileType = sourcecode.c.objc; path = TLCoreTextMoreTests.m; sourceTree = "<group>"; };
/* End PBXFileReference section */

/* Begin PBXFrameworksBuildPhase section */
		13B1119E1B7B404000E59C64 /* Frameworks */ = {
			isa = PBXFrameworksBuildPhase;
			buildActionMask = 2147483647;
			files = (
			);
			runOnlyForDeploymentPostprocessing = 0;
		};
		13B111B71B7B404000E59C64 /* Frameworks */ = {
			isa = PBXFrameworksBuildPhase;
			buildActionMask = 2147483647;
			files = (
			);
			runOnlyForDeploymentPostprocessing = 0;
		};
/* End PBXFrameworksBuildPhase section */

/* Begin PBXGroup section */
		1365D85E1B7B425D00CDE963 /* TLCoreTextMore */ = {
			isa = PBXGroup;
			children = (
				1365D85F1B7B427500CDE963 /* TLAttributedLabel.h */,
				1365D8601B7B427500CDE963 /* TLAttributedLabel.m */,
				1365D8611B7B427500CDE963 /* TLAttributedLabelUtils.h */,
				1365D8621B7B427500CDE963 /* TLAttributedLabelUtils.m */,
				1365D8631B7B427500CDE963 /* NSMutableAttributedString+CTFrameRef.h */,
				1365D8641B7B427500CDE963 /* NSMutableAttributedString+CTFrameRef.m */,
				1365D8651B7B427500CDE963 /* NSMutableAttributedString+Config.h */,
				1365D8661B7B427500CDE963 /* NSMutableAttributedString+Config.m */,
			);
			name = TLCoreTextMore;
			sourceTree = "<group>";
		};
		13B111981B7B404000E59C64 = {
			isa = PBXGroup;
			children = (
				13B111A31B7B404000E59C64 /* TLCoreTextMore */,
				13B111BD1B7B404000E59C64 /* TLCoreTextMoreTests */,
				13B111A21B7B404000E59C64 /* Products */,
			);
			sourceTree = "<group>";
		};
		13B111A21B7B404000E59C64 /* Products */ = {
			isa = PBXGroup;
			children = (
				13B111A11B7B404000E59C64 /* TLCoreTextMore.app */,
				13B111BA1B7B404000E59C64 /* TLCoreTextMoreTests.xctest */,
			);
			name = Products;
			sourceTree = "<group>";
		};
		13B111A31B7B404000E59C64 /* TLCoreTextMore */ = {
			isa = PBXGroup;
			children = (
				1365D85E1B7B425D00CDE963 /* TLCoreTextMore */,
				13B111A81B7B404000E59C64 /* AppDelegate.h */,
				13B111A91B7B404000E59C64 /* AppDelegate.m */,
				1365D86B1B7B428100CDE963 /* TLMainViewController.h */,
				1365D86C1B7B428100CDE963 /* TLMainViewController.m */,
				1365D86D1B7B428100CDE963 /* TLATTViewController.h */,
				1365D86E1B7B428100CDE963 /* TLATTViewController.m */,
				1365D86F1B7B428100CDE963 /* TLTableViewController.h */,
				1365D8701B7B428100CDE963 /* TLTableViewController.m */,
				1365D8711B7B428100CDE963 /* TLTableViewCell.h */,
				1365D8721B7B428100CDE963 /* TLTableViewCell.m */,
				1365D8731B7B428100CDE963 /* TLModel.h */,
				1365D8741B7B428100CDE963 /* TLModel.m */,
				13B111AE1B7B404000E59C64 /* Main.storyboard */,
				13B111B11B7B404000E59C64 /* Images.xcassets */,
				13B111B31B7B404000E59C64 /* LaunchScreen.xib */,
				13B111A41B7B404000E59C64 /* Supporting Files */,
			);
			path = TLCoreTextMore;
			sourceTree = "<group>";
		};
		13B111A41B7B404000E59C64 /* Supporting Files */ = {
			isa = PBXGroup;
			children = (
				13B111A51B7B404000E59C64 /* Info.plist */,
				13B111A61B7B404000E59C64 /* main.m */,
			);
			name = "Supporting Files";
			sourceTree = "<group>";
		};
		13B111BD1B7B404000E59C64 /* TLCoreTextMoreTests */ = {
			isa = PBXGroup;
			children = (
				13B111C01B7B404000E59C64 /* TLCoreTextMoreTests.m */,
				13B111BE1B7B404000E59C64 /* Supporting Files */,
			);
			path = TLCoreTextMoreTests;
			sourceTree = "<group>";
		};
		13B111BE1B7B404000E59C64 /* Supporting Files */ = {
			isa = PBXGroup;
			children = (
				13B111BF1B7B404000E59C64 /* Info.plist */,
			);
			name = "Supporting Files";
			sourceTree = "<group>";
		};
/* End PBXGroup section */

/* Begin PBXNativeTarget section */
		13B111A01B7B404000E59C64 /* TLCoreTextMore */ = {
			isa = PBXNativeTarget;
			buildConfigurationList = 13B111C41B7B404000E59C64 /* Build configuration list for PBXNativeTarget "TLCoreTextMore" */;
			buildPhases = (
				13B1119D1B7B404000E59C64 /* Sources */,
				13B1119E1B7B404000E59C64 /* Frameworks */,
				13B1119F1B7B404000E59C64 /* Resources */,
			);
			buildRules = (
			);
			dependencies = (
			);
			name = TLCoreTextMore;
			productName = TLCoreTextMore;
			productReference = 13B111A11B7B404000E59C64 /* TLCoreTextMore.app */;
			productType = "com.apple.product-type.application";
		};
		13B111B91B7B404000E59C64 /* TLCoreTextMoreTests */ = {
			isa = PBXNativeTarget;
			buildConfigurationList = 13B111C71B7B404000E59C64 /* Build configuration list for PBXNativeTarget "TLCoreTextMoreTests" */;
			buildPhases = (
				13B111B61B7B404000E59C64 /* Sources */,
				13B111B71B7B404000E59C64 /* Frameworks */,
				13B111B81B7B404000E59C64 /* Resources */,
			);
			buildRules = (
			);
			dependencies = (
				13B111BC1B7B404000E59C64 /* PBXTargetDependency */,
			);
			name = TLCoreTextMoreTests;
			productName = TLCoreTextMoreTests;
			productReference = 13B111BA1B7B404000E59C64 /* TLCoreTextMoreTests.xctest */;
			productType = "com.apple.product-type.bundle.unit-test";
		};
/* End PBXNativeTarget section */

/* Begin PBXProject section */
		13B111991B7B404000E59C64 /* Project object */ = {
			isa = PBXProject;
			attributes = {
				LastUpgradeCheck = 0640;
				ORGANIZATIONNAME = andezhou;
				TargetAttributes = {
					13B111A01B7B404000E59C64 = {
						CreatedOnToolsVersion = 6.4;
					};
					13B111B91B7B404000E59C64 = {
						CreatedOnToolsVersion = 6.4;
						TestTargetID = 13B111A01B7B404000E59C64;
					};
				};
			};
			buildConfigurationList = 13B1119C1B7B404000E59C64 /* Build configuration list for PBXProject "TLCoreTextMore" */;
			compatibilityVersion = "Xcode 3.2";
			developmentRegion = English;
			hasScannedForEncodings = 0;
			knownRegions = (
				en,
				Base,
			);
			mainGroup = 13B111981B7B404000E59C64;
			productRefGroup = 13B111A21B7B404000E59C64 /* Products */;
			projectDirPath = "";
			projectRoot = "";
			targets = (
				13B111A01B7B404000E59C64 /* TLCoreTextMore */,
				13B111B91B7B404000E59C64 /* TLCoreTextMoreTests */,
			);
		};
/* End PBXProject section */

/* Begin PBXResourcesBuildPhase section */
		13B1119F1B7B404000E59C64 /* Resources */ = {
			isa = PBXResourcesBuildPhase;
			buildActionMask = 2147483647;
			files = (
				13B111B01B7B404000E59C64 /* Main.storyboard in Resources */,
				13B111B51B7B404000E59C64 /* LaunchScreen.xib in Resources */,
				13B111B21B7B404000E59C64 /* Images.xcassets in Resources */,
			);
			runOnlyForDeploymentPostprocessing = 0;
		};
		13B111B81B7B404000E59C64 /* Resources */ = {
			isa = PBXResourcesBuildPhase;
			buildActionMask = 2147483647;
			files = (
			);
			runOnlyForDeploymentPostprocessing = 0;
		};
/* End PBXResourcesBuildPhase section */

/* Begin PBXSourcesBuildPhase section */
		13B1119D1B7B404000E59C64 /* Sources */ = {
			isa = PBXSourcesBuildPhase;
			buildActionMask = 2147483647;
			files = (
				1365D86A1B7B427500CDE963 /* NSMutableAttributedString+Config.m in Sources */,
				1365D8791B7B428100CDE963 /* TLModel.m in Sources */,
				1365D8691B7B427500CDE963 /* NSMutableAttributedString+CTFrameRef.m in Sources */,
				1365D8771B7B428100CDE963 /* TLTableViewController.m in Sources */,
				13B111AA1B7B404000E59C64 /* AppDelegate.m in Sources */,
				1365D8681B7B427500CDE963 /* TLAttributedLabelUtils.m in Sources */,
				1365D8751B7B428100CDE963 /* TLMainViewController.m in Sources */,
				1365D8761B7B428100CDE963 /* TLATTViewController.m in Sources */,
				1365D8671B7B427500CDE963 /* TLAttributedLabel.m in Sources */,
				1365D8781B7B428100CDE963 /* TLTableViewCell.m in Sources */,
				13B111A71B7B404000E59C64 /* main.m in Sources */,
			);
			runOnlyForDeploymentPostprocessing = 0;
		};
		13B111B61B7B404000E59C64 /* Sources */ = {
			isa = PBXSourcesBuildPhase;
			buildActionMask = 2147483647;
			files = (
				13B111C11B7B404000E59C64 /* TLCoreTextMoreTests.m in Sources */,
			);
			runOnlyForDeploymentPostprocessing = 0;
		};
/* End PBXSourcesBuildPhase section */

/* Begin PBXTargetDependency section */
		13B111BC1B7B404000E59C64 /* PBXTargetDependency */ = {
			isa = PBXTargetDependency;
			target = 13B111A01B7B404000E59C64 /* TLCoreTextMore */;
			targetProxy = 13B111BB1B7B404000E59C64 /* PBXContainerItemProxy */;
		};
/* End PBXTargetDependency section */

/* Begin PBXVariantGroup section */
		13B111AE1B7B404000E59C64 /* Main.storyboard */ = {
			isa = PBXVariantGroup;
			children = (
				13B111AF1B7B404000E59C64 /* Base */,
			);
			name = Main.storyboard;
			sourceTree = "<group>";
		};
		13B111B31B7B404000E59C64 /* LaunchScreen.xib */ = {
			isa = PBXVariantGroup;
			children = (
				13B111B41B7B404000E59C64 /* Base */,
			);
			name = LaunchScreen.xib;
			sourceTree = "<group>";
		};
/* End PBXVariantGroup section */

/* Begin XCBuildConfiguration section */
		13B111C21B7B404000E59C64 /* Debug */ = {
			isa = XCBuildConfiguration;
			buildSettings = {
				ALWAYS_SEARCH_USER_PATHS = NO;
				CLANG_CXX_LANGUAGE_STANDARD = "gnu++0x";
				CLANG_CXX_LIBRARY = "libc++";
				CLANG_ENABLE_MODULES = YES;
				CLANG_ENABLE_OBJC_ARC = YES;
				CLANG_WARN_BOOL_CONVERSION = YES;
				CLANG_WARN_CONSTANT_CONVERSION = YES;
				CLANG_WARN_DIRECT_OBJC_ISA_USAGE = YES_ERROR;
				CLANG_WARN_EMPTY_BODY = YES;
				CLANG_WARN_ENUM_CONVERSION = YES;
				CLANG_WARN_INT_CONVERSION = YES;
				CLANG_WARN_OBJC_ROOT_CLASS = YES_ERROR;
				CLANG_WARN_UNREACHABLE_CODE = YES;
				CLANG_WARN__DUPLICATE_METHOD_MATCH = YES;
				"CODE_SIGN_IDENTITY[sdk=iphoneos*]" = "iPhone Developer";
				COPY_PHASE_STRIP = NO;
				DEBUG_INFORMATION_FORMAT = "dwarf-with-dsym";
				ENABLE_STRICT_OBJC_MSGSEND = YES;
				GCC_C_LANGUAGE_STANDARD = gnu99;
				GCC_DYNAMIC_NO_PIC = NO;
				GCC_NO_COMMON_BLOCKS = YES;
				GCC_OPTIMIZATION_LEVEL = 0;
				GCC_PREPROCESSOR_DEFINITIONS = (
					"DEBUG=1",
					"$(inherited)",
				);
				GCC_SYMBOLS_PRIVATE_EXTERN = NO;
				GCC_WARN_64_TO_32_BIT_CONVERSION = YES;
				GCC_WARN_ABOUT_RETURN_TYPE = YES_ERROR;
				GCC_WARN_UNDECLARED_SELECTOR = YES;
				GCC_WARN_UNINITIALIZED_AUTOS = YES_AGGRESSIVE;
				GCC_WARN_UNUSED_FUNCTION = YES;
				GCC_WARN_UNUSED_VARIABLE = YES;
				IPHONEOS_DEPLOYMENT_TARGET = 8.4;
				MTL_ENABLE_DEBUG_INFO = YES;
				ONLY_ACTIVE_ARCH = YES;
				SDKROOT = iphoneos;
			};
			name = Debug;
		};
		13B111C31B7B404000E59C64 /* Release */ = {
			isa = XCBuildConfiguration;
			buildSettings = {
				ALWAYS_SEARCH_USER_PATHS = NO;
				CLANG_CXX_LANGUAGE_STANDARD = "gnu++0x";
				CLANG_CXX_LIBRARY = "libc++";
				CLANG_ENABLE_MODULES = YES;
				CLANG_ENABLE_OBJC_ARC = YES;
				CLANG_WARN_BOOL_CONVERSION = YES;
				CLANG_WARN_CONSTANT_CONVERSION = YES;
				CLANG_WARN_DIRECT_OBJC_ISA_USAGE = YES_ERROR;
				CLANG_WARN_EMPTY_BODY = YES;
				CLANG_WARN_ENUM_CONVERSION = YES;
				CLANG_WARN_INT_CONVERSION = YES;
				CLANG_WARN_OBJC_ROOT_CLASS = YES_ERROR;
				CLANG_WARN_UNREACHABLE_CODE = YES;
				CLANG_WARN__DUPLICATE_METHOD_MATCH = YES;
				"CODE_SIGN_IDENTITY[sdk=iphoneos*]" = "iPhone Developer";
				COPY_PHASE_STRIP = NO;
				DEBUG_INFORMATION_FORMAT = "dwarf-with-dsym";
				ENABLE_NS_ASSERTIONS = NO;
				ENABLE_STRICT_OBJC_MSGSEND = YES;
				GCC_C_LANGUAGE_STANDARD = gnu99;
				GCC_NO_COMMON_BLOCKS = YES;
				GCC_WARN_64_TO_32_BIT_CONVERSION = YES;
				GCC_WARN_ABOUT_RETURN_TYPE = YES_ERROR;
				GCC_WARN_UNDECLARED_SELECTOR = YES;
				GCC_WARN_UNINITIALIZED_AUTOS = YES_AGGRESSIVE;
				GCC_WARN_UNUSED_FUNCTION = YES;
				GCC_WARN_UNUSED_VARIABLE = YES;
				IPHONEOS_DEPLOYMENT_TARGET = 8.4;
				MTL_ENABLE_DEBUG_INFO = NO;
				SDKROOT = iphoneos;
				VALIDATE_PRODUCT = YES;
			};
			name = Release;
		};
		13B111C51B7B404000E59C64 /* Debug */ = {
			isa = XCBuildConfiguration;
			buildSettings = {
				ASSETCATALOG_COMPILER_APPICON_NAME = AppIcon;
				INFOPLIST_FILE = TLCoreTextMore/Info.plist;
				LD_RUNPATH_SEARCH_PATHS = "$(inherited) @executable_path/Frameworks";
				PRODUCT_NAME = "$(TARGET_NAME)";
			};
			name = Debug;
		};
		13B111C61B7B404000E59C64 /* Release */ = {
			isa = XCBuildConfiguration;
			buildSettings = {
				ASSETCATALOG_COMPILER_APPICON_NAME = AppIcon;
				INFOPLIST_FILE = TLCoreTextMore/Info.plist;
				LD_RUNPATH_SEARCH_PATHS = "$(inherited) @executable_path/Frameworks";
				PRODUCT_NAME = "$(TARGET_NAME)";
			};
			name = Release;
		};
		13B111C81B7B404000E59C64 /* Debug */ = {
			isa = XCBuildConfiguration;
			buildSettings = {
				BUNDLE_LOADER = "$(TEST_HOST)";
				FRAMEWORK_SEARCH_PATHS = (
					"$(SDKROOT)/Developer/Library/Frameworks",
					"$(inherited)",
				);
				GCC_PREPROCESSOR_DEFINITIONS = (
					"DEBUG=1",
					"$(inherited)",
				);
				INFOPLIST_FILE = TLCoreTextMoreTests/Info.plist;
				LD_RUNPATH_SEARCH_PATHS = "$(inherited) @executable_path/Frameworks @loader_path/Frameworks";
				PRODUCT_NAME = "$(TARGET_NAME)";
				TEST_HOST = "$(BUILT_PRODUCTS_DIR)/TLCoreTextMore.app/TLCoreTextMore";
			};
			name = Debug;
		};
		13B111C91B7B404000E59C64 /* Release */ = {
			isa = XCBuildConfiguration;
			buildSettings = {
				BUNDLE_LOADER = "$(TEST_HOST)";
				FRAMEWORK_SEARCH_PATHS = (
					"$(SDKROOT)/Developer/Library/Frameworks",
					"$(inherited)",
				);
				INFOPLIST_FILE = TLCoreTextMoreTests/Info.plist;
				LD_RUNPATH_SEARCH_PATHS = "$(inherited) @executable_path/Frameworks @loader_path/Frameworks";
				PRODUCT_NAME = "$(TARGET_NAME)";
				TEST_HOST = "$(BUILT_PRODUCTS_DIR)/TLCoreTextMore.app/TLCoreTextMore";
			};
			name = Release;
		};
/* End XCBuildConfiguration section */

/* Begin XCConfigurationList section */
		13B1119C1B7B404000E59C64 /* Build configuration list for PBXProject "TLCoreTextMore" */ = {
			isa = XCConfigurationList;
			buildConfigurations = (
				13B111C21B7B404000E59C64 /* Debug */,
				13B111C31B7B404000E59C64 /* Release */,
			);
			defaultConfigurationIsVisible = 0;
			defaultConfigurationName = Release;
		};
		13B111C41B7B404000E59C64 /* Build configuration list for PBXNativeTarget "TLCoreTextMore" */ = {
			isa = XCConfigurationList;
			buildConfigurations = (
				13B111C51B7B404000E59C64 /* Debug */,
				13B111C61B7B404000E59C64 /* Release */,
			);
			defaultConfigurationIsVisible = 0;
			defaultConfigurationName = Release;
		};
		13B111C71B7B404000E59C64 /* Build configuration list for PBXNativeTarget "TLCoreTextMoreTests" */ = {
			isa = XCConfigurationList;
			buildConfigurations = (
				13B111C81B7B404000E59C64 /* Debug */,
				13B111C91B7B404000E59C64 /* Release */,
			);
			defaultConfigurationIsVisible = 0;
			defaultConfigurationName = Release;
		};
/* End XCConfigurationList section */
	};
	rootObject = 13B111991B7B404000E59C64 /* Project object */;
}
